
Microsoft Visual Studio Solution File, Format Version 12.00
# Visual Studio Version 17
VisualStudioVersion = 17.3.32929.385
MinimumVisualStudioVersion = 10.0.40219.1
Project("{FAE04EC0-301F-11D3-BF4B-00C04F79EFBC}") = "SomaDeImparesConsecutivos", "SomaDeImparesConsecutivos\SomaDeImparesConsecutivos.csproj", "{F5EEB764-FD87-4F02-8E32-8EB31DD35A26}"
EndProject
Global
	GlobalSection(SolutionConfigurationPlatforms) = preSolution
		Debug|Any CPU = Debug|Any CPU
		Release|Any CPU = Release|Any CPU
	EndGlobalSection
	GlobalSection(ProjectConfigurationPlatforms) = postSolution
		{F5EEB764-FD87-4F02-8E32-8EB31DD35A26}.Debug|Any CPU.ActiveCfg = Debug|Any CPU
		{F5EEB764-FD87-4F02-8E32-8EB31DD35A26}.Debug|Any CPU.Build.0 = Debug|Any CPU
		{F5EEB764-FD87-4F02-8E32-8EB31DD35A26}.Release|Any CPU.ActiveCfg = Release|Any CPU
		{F5EEB764-FD87-4F02-8E32-8EB31DD35A26}.Release|Any CPU.Build.0 = Release|Any CPU
	EndGlobalSection
	GlobalSection(SolutionProperties) = preSolution
		HideSolutionNode = FALSE
	EndGlobalSection
	GlobalSection(ExtensibilityGlobals) = postSolution
		SolutionGuid = {6F1D3024-7A0A-47FF-A3FD-F231945DAD5C}
	EndGlobalSection
EndGlobal
